// !$*UTF8*$!
{
	archiveVersion = 1;
	classes = {
	};
	objectVersion = 56;
	objects = {

/* Begin PBXBuildFile section */
		CC59B7F92AFD642A008480DF /* WorkoutView.swift in Sources */ = {isa = PBXBuildFile; fileRef = CC59B7F82AFD642A008480DF /* WorkoutView.swift */; };
		CC59B7FB2AFD644F008480DF /* Workout.swift in Sources */ = {isa = PBXBuildFile; fileRef = CC59B7FA2AFD644F008480DF /* Workout.swift */; };
		CC59B7FE2AFD6958008480DF /* MyWorkoutsView.swift in Sources */ = {isa = PBXBuildFile; fileRef = CC59B7FD2AFD6958008480DF /* MyWorkoutsView.swift */; };
		CC59B8012AFD7C93008480DF /* TabBarView.swift in Sources */ = {isa = PBXBuildFile; fileRef = CC59B8002AFD7C93008480DF /* TabBarView.swift */; };
		CC74E7BA2AEB081C0076D464 /* WorkshopApp.swift in Sources */ = {isa = PBXBuildFile; fileRef = CC74E7B92AEB081C0076D464 /* WorkshopApp.swift */; };
		CC74E7BE2AEB081D0076D464 /* Assets.xcassets in Resources */ = {isa = PBXBuildFile; fileRef = CC74E7BD2AEB081D0076D464 /* Assets.xcassets */; };
		CC74E7C12AEB081D0076D464 /* Preview Assets.xcassets in Resources */ = {isa = PBXBuildFile; fileRef = CC74E7C02AEB081D0076D464 /* Preview Assets.xcassets */; };
		CC74E7CB2AEB0A5D0076D464 /* Profile.swift in Sources */ = {isa = PBXBuildFile; fileRef = CC74E7C92AEB0A5D0076D464 /* Profile.swift */; };
		CC74E7CC2AEB0A5D0076D464 /* ProfileView.swift in Sources */ = {isa = PBXBuildFile; fileRef = CC74E7CA2AEB0A5D0076D464 /* ProfileView.swift */; };
		CC74E7CE2AEB0A640076D464 /* HeaderView.swift in Sources */ = {isa = PBXBuildFile; fileRef = CC74E7CD2AEB0A640076D464 /* HeaderView.swift */; };
		CC88F3BD2AF180E200FC41FD /* LoginView.swift in Sources */ = {isa = PBXBuildFile; fileRef = CC88F3BC2AF180E200FC41FD /* LoginView.swift */; };
		CC88F3BF2AF3AE2A00FC41FD /* PrimaryButton.swift in Sources */ = {isa = PBXBuildFile; fileRef = CC88F3BE2AF3AE2A00FC41FD /* PrimaryButton.swift */; };
		CC88F3C12AF3AE6700FC41FD /* CheckboxToggle.swift in Sources */ = {isa = PBXBuildFile; fileRef = CC88F3C02AF3AE6700FC41FD /* CheckboxToggle.swift */; };
		CC88F3C32AF3D26D00FC41FD /* FocusedTextFieldModifier.swift in Sources */ = {isa = PBXBuildFile; fileRef = CC88F3C22AF3D26D00FC41FD /* FocusedTextFieldModifier.swift */; };
/* End PBXBuildFile section */

/* Begin PBXFileReference section */
		CC59B7F82AFD642A008480DF /* WorkoutView.swift */ = {isa = PBXFileReference; lastKnownFileType = sourcecode.swift; path = WorkoutView.swift; sourceTree = "<group>"; };
		CC59B7FA2AFD644F008480DF /* Workout.swift */ = {isa = PBXFileReference; lastKnownFileType = sourcecode.swift; path = Workout.swift; sourceTree = "<group>"; };
		CC59B7FD2AFD6958008480DF /* MyWorkoutsView.swift */ = {isa = PBXFileReference; lastKnownFileType = sourcecode.swift; path = MyWorkoutsView.swift; sourceTree = "<group>"; };
		CC59B8002AFD7C93008480DF /* TabBarView.swift */ = {isa = PBXFileReference; lastKnownFileType = sourcecode.swift; path = TabBarView.swift; sourceTree = "<group>"; };
		CC74E7B62AEB081C0076D464 /* Workshop.app */ = {isa = PBXFileReference; explicitFileType = wrapper.application; includeInIndex = 0; path = Workshop.app; sourceTree = BUILT_PRODUCTS_DIR; };
		CC74E7B92AEB081C0076D464 /* WorkshopApp.swift */ = {isa = PBXFileReference; lastKnownFileType = sourcecode.swift; path = WorkshopApp.swift; sourceTree = "<group>"; };
		CC74E7BD2AEB081D0076D464 /* Assets.xcassets */ = {isa = PBXFileReference; lastKnownFileType = folder.assetcatalog; path = Assets.xcassets; sourceTree = "<group>"; };
		CC74E7C02AEB081D0076D464 /* Preview Assets.xcassets */ = {isa = PBXFileReference; lastKnownFileType = folder.assetcatalog; path = "Preview Assets.xcassets"; sourceTree = "<group>"; };
		CC74E7C92AEB0A5D0076D464 /* Profile.swift */ = {isa = PBXFileReference; fileEncoding = 4; lastKnownFileType = sourcecode.swift; path = Profile.swift; sourceTree = "<group>"; };
		CC74E7CA2AEB0A5D0076D464 /* ProfileView.swift */ = {isa = PBXFileReference; fileEncoding = 4; lastKnownFileType = sourcecode.swift; path = ProfileView.swift; sourceTree = "<group>"; };
		CC74E7CD2AEB0A640076D464 /* HeaderView.swift */ = {isa = PBXFileReference; fileEncoding = 4; lastKnownFileType = sourcecode.swift; path = HeaderView.swift; sourceTree = "<group>"; };
		CC88F3BC2AF180E200FC41FD /* LoginView.swift */ = {isa = PBXFileReference; lastKnownFileType = sourcecode.swift; path = LoginView.swift; sourceTree = "<group>"; };
		CC88F3BE2AF3AE2A00FC41FD /* PrimaryButton.swift */ = {isa = PBXFileReference; lastKnownFileType = sourcecode.swift; path = PrimaryButton.swift; sourceTree = "<group>"; };
		CC88F3C02AF3AE6700FC41FD /* CheckboxToggle.swift */ = {isa = PBXFileReference; lastKnownFileType = sourcecode.swift; path = CheckboxToggle.swift; sourceTree = "<group>"; };
		CC88F3C22AF3D26D00FC41FD /* FocusedTextFieldModifier.swift */ = {isa = PBXFileReference; lastKnownFileType = sourcecode.swift; path = FocusedTextFieldModifier.swift; sourceTree = "<group>"; };
/* End PBXFileReference section */

/* Begin PBXFrameworksBuildPhase section */
		CC74E7B32AEB081C0076D464 /* Frameworks */ = {
			isa = PBXFrameworksBuildPhase;
			buildActionMask = 2147483647;
			files = (
			);
			runOnlyForDeploymentPostprocessing = 0;
		};
/* End PBXFrameworksBuildPhase section */

/* Begin PBXGroup section */
		CC59B7FC2AFD6941008480DF /* MyWorkouts */ = {
			isa = PBXGroup;
			children = (
				CC59B8042AFD8473008480DF /* Workout */,
				CC59B7FD2AFD6958008480DF /* MyWorkoutsView.swift */,
			);
			path = MyWorkouts;
			sourceTree = "<group>";
		};
		CC59B7FF2AFD7C79008480DF /* TabBar */ = {
			isa = PBXGroup;
			children = (
				CC59B7FC2AFD6941008480DF /* MyWorkouts */,
				CC74E7C82AEB0A0C0076D464 /* Profile */,
				CC59B8002AFD7C93008480DF /* TabBarView.swift */,
			);
			path = TabBar;
			sourceTree = "<group>";
		};
		CC59B8042AFD8473008480DF /* Workout */ = {
			isa = PBXGroup;
			children = (
				CC59B7F82AFD642A008480DF /* WorkoutView.swift */,
				CC59B7FA2AFD644F008480DF /* Workout.swift */,
			);
			path = Workout;
			sourceTree = "<group>";
		};
		CC74E7AD2AEB081C0076D464 = {
			isa = PBXGroup;
			children = (
				CC74E7B82AEB081C0076D464 /* Workshop */,
				CC74E7B72AEB081C0076D464 /* Products */,
			);
			sourceTree = "<group>";
		};
		CC74E7B72AEB081C0076D464 /* Products */ = {
			isa = PBXGroup;
			children = (
				CC74E7B62AEB081C0076D464 /* Workshop.app */,
			);
			name = Products;
			sourceTree = "<group>";
		};
		CC74E7B82AEB081C0076D464 /* Workshop */ = {
			isa = PBXGroup;
			children = (
				CC88F3C42AF3DDEB00FC41FD /* Common */,
				CC74E7C72AEB0A050076D464 /* Header */,
				CC88F3BB2AF180D500FC41FD /* Login */,
				CC59B7FF2AFD7C79008480DF /* TabBar */,
				CC74E7B92AEB081C0076D464 /* WorkshopApp.swift */,
				CC74E7BD2AEB081D0076D464 /* Assets.xcassets */,
				CC74E7BF2AEB081D0076D464 /* Preview Content */,
			);
			path = Workshop;
			sourceTree = "<group>";
		};
		CC74E7BF2AEB081D0076D464 /* Preview Content */ = {
			isa = PBXGroup;
			children = (
				CC74E7C02AEB081D0076D464 /* Preview Assets.xcassets */,
			);
			path = "Preview Content";
			sourceTree = "<group>";
		};
		CC74E7C72AEB0A050076D464 /* Header */ = {
			isa = PBXGroup;
			children = (
				CC74E7CD2AEB0A640076D464 /* HeaderView.swift */,
			);
			path = Header;
			sourceTree = "<group>";
		};
		CC74E7C82AEB0A0C0076D464 /* Profile */ = {
			isa = PBXGroup;
			children = (
				CC74E7CA2AEB0A5D0076D464 /* ProfileView.swift */,
				CC74E7C92AEB0A5D0076D464 /* Profile.swift */,
			);
			path = Profile;
			sourceTree = "<group>";
		};
		CC88F3BB2AF180D500FC41FD /* Login */ = {
			isa = PBXGroup;
			children = (
				CC88F3BC2AF180E200FC41FD /* LoginView.swift */,
			);
			path = Login;
			sourceTree = "<group>";
		};
		CC88F3C42AF3DDEB00FC41FD /* Common */ = {
			isa = PBXGroup;
			children = (
				CC88F3C52AF3DEC900FC41FD /* Views */,
			);
			path = Common;
			sourceTree = "<group>";
		};
		CC88F3C52AF3DEC900FC41FD /* Views */ = {
			isa = PBXGroup;
			children = (
				CC88F3C02AF3AE6700FC41FD /* CheckboxToggle.swift */,
				CC88F3BE2AF3AE2A00FC41FD /* PrimaryButton.swift */,
				CC88F3C62AF3DED600FC41FD /* Modifiers */,
			);
			path = Views;
			sourceTree = "<group>";
		};
		CC88F3C62AF3DED600FC41FD /* Modifiers */ = {
			isa = PBXGroup;
			children = (
				CC88F3C22AF3D26D00FC41FD /* FocusedTextFieldModifier.swift */,
			);
			path = Modifiers;
			sourceTree = "<group>";
		};
/* End PBXGroup section */

/* Begin PBXNativeTarget section */
		CC74E7B52AEB081C0076D464 /* Workshop */ = {
			isa = PBXNativeTarget;
			buildConfigurationList = CC74E7C42AEB081D0076D464 /* Build configuration list for PBXNativeTarget "Workshop" */;
			buildPhases = (
				CC74E7B22AEB081C0076D464 /* Sources */,
				CC74E7B32AEB081C0076D464 /* Frameworks */,
				CC74E7B42AEB081C0076D464 /* Resources */,
			);
			buildRules = (
			);
			dependencies = (
			);
			name = Workshop;
			productName = Workshop;
			productReference = CC74E7B62AEB081C0076D464 /* Workshop.app */;
			productType = "com.apple.product-type.application";
		};
/* End PBXNativeTarget section */

/* Begin PBXProject section */
		CC74E7AE2AEB081C0076D464 /* Project object */ = {
			isa = PBXProject;
			attributes = {
				BuildIndependentTargetsInParallel = 1;
				LastSwiftUpdateCheck = 1500;
				LastUpgradeCheck = 1500;
				TargetAttributes = {
					CC74E7B52AEB081C0076D464 = {
						CreatedOnToolsVersion = 15.0;
					};
				};
			};
			buildConfigurationList = CC74E7B12AEB081C0076D464 /* Build configuration list for PBXProject "Workshop" */;
			compatibilityVersion = "Xcode 14.0";
			developmentRegion = en;
			hasScannedForEncodings = 0;
			knownRegions = (
				en,
				Base,
			);
			mainGroup = CC74E7AD2AEB081C0076D464;
			productRefGroup = CC74E7B72AEB081C0076D464 /* Products */;
			projectDirPath = "";
			projectRoot = "";
			targets = (
				CC74E7B52AEB081C0076D464 /* Workshop */,
			);
		};
/* End PBXProject section */

/* Begin PBXResourcesBuildPhase section */
		CC74E7B42AEB081C0076D464 /* Resources */ = {
			isa = PBXResourcesBuildPhase;
			buildActionMask = 2147483647;
			files = (
				CC74E7C12AEB081D0076D464 /* Preview Assets.xcassets in Resources */,
				CC74E7BE2AEB081D0076D464 /* Assets.xcassets in Resources */,
			);
			runOnlyForDeploymentPostprocessing = 0;
		};
/* End PBXResourcesBuildPhase section */

/* Begin PBXSourcesBuildPhase section */
		CC74E7B22AEB081C0076D464 /* Sources */ = {
			isa = PBXSourcesBuildPhase;
			buildActionMask = 2147483647;
			files = (
				CC88F3BF2AF3AE2A00FC41FD /* PrimaryButton.swift in Sources */,
				CC74E7BA2AEB081C0076D464 /* WorkshopApp.swift in Sources */,
				CC88F3C32AF3D26D00FC41FD /* FocusedTextFieldModifier.swift in Sources */,
				CC59B7FB2AFD644F008480DF /* Workout.swift in Sources */,
				CC74E7CC2AEB0A5D0076D464 /* ProfileView.swift in Sources */,
				CC59B7FE2AFD6958008480DF /* MyWorkoutsView.swift in Sources */,
				CC59B7F92AFD642A008480DF /* WorkoutView.swift in Sources */,
				CC74E7CB2AEB0A5D0076D464 /* Profile.swift in Sources */,
				CC88F3BD2AF180E200FC41FD /* LoginView.swift in Sources */,
				CC74E7CE2AEB0A640076D464 /* HeaderView.swift in Sources */,
				CC59B8012AFD7C93008480DF /* TabBarView.swift in Sources */,
				CC88F3C12AF3AE6700FC41FD /* CheckboxToggle.swift in Sources */,
			);
			runOnlyForDeploymentPostprocessing = 0;
		};
/* End PBXSourcesBuildPhase section */

/* Begin XCBuildConfiguration section */
		CC74E7C22AEB081D0076D464 /* Debug */ = {
			isa = XCBuildConfiguration;
			buildSettings = {
				ALWAYS_SEARCH_USER_PATHS = NO;
				ASSETCATALOG_COMPILER_GENERATE_SWIFT_ASSET_SYMBOL_EXTENSIONS = YES;
				CLANG_ANALYZER_NONNULL = YES;
				CLANG_ANALYZER_NUMBER_OBJECT_CONVERSION = YES_AGGRESSIVE;
				CLANG_CXX_LANGUAGE_STANDARD = "gnu++20";
				CLANG_ENABLE_MODULES = YES;
				CLANG_ENABLE_OBJC_ARC = YES;
				CLANG_ENABLE_OBJC_WEAK = YES;
				CLANG_WARN_BLOCK_CAPTURE_AUTORELEASING = YES;
				CLANG_WARN_BOOL_CONVERSION = YES;
				CLANG_WARN_COMMA = YES;
				CLANG_WARN_CONSTANT_CONVERSION = YES;
				CLANG_WARN_DEPRECATED_OBJC_IMPLEMENTATIONS = YES;
				CLANG_WARN_DIRECT_OBJC_ISA_USAGE = YES_ERROR;
				CLANG_WARN_DOCUMENTATION_COMMENTS = YES;
				CLANG_WARN_EMPTY_BODY = YES;
				CLANG_WARN_ENUM_CONVERSION = YES;
				CLANG_WARN_INFINITE_RECURSION = YES;
				CLANG_WARN_INT_CONVERSION = YES;
				CLANG_WARN_NON_LITERAL_NULL_CONVERSION = YES;
				CLANG_WARN_OBJC_IMPLICIT_RETAIN_SELF = YES;
				CLANG_WARN_OBJC_LITERAL_CONVERSION = YES;
				CLANG_WARN_OBJC_ROOT_CLASS = YES_ERROR;
				CLANG_WARN_QUOTED_INCLUDE_IN_FRAMEWORK_HEADER = YES;
				CLANG_WARN_RANGE_LOOP_ANALYSIS = YES;
				CLANG_WARN_STRICT_PROTOTYPES = YES;
				CLANG_WARN_SUSPICIOUS_MOVE = YES;
				CLANG_WARN_UNGUARDED_AVAILABILITY = YES_AGGRESSIVE;
				CLANG_WARN_UNREACHABLE_CODE = YES;
				CLANG_WARN__DUPLICATE_METHOD_MATCH = YES;
				COPY_PHASE_STRIP = NO;
				DEBUG_INFORMATION_FORMAT = dwarf;
				ENABLE_STRICT_OBJC_MSGSEND = YES;
				ENABLE_TESTABILITY = YES;
				ENABLE_USER_SCRIPT_SANDBOXING = YES;
				GCC_C_LANGUAGE_STANDARD = gnu17;
				GCC_DYNAMIC_NO_PIC = NO;
				GCC_NO_COMMON_BLOCKS = YES;
				GCC_OPTIMIZATION_LEVEL = 0;
				GCC_PREPROCESSOR_DEFINITIONS = (
					"DEBUG=1",
					"$(inherited)",
				);
				GCC_WARN_64_TO_32_BIT_CONVERSION = YES;
				GCC_WARN_ABOUT_RETURN_TYPE = YES_ERROR;
				GCC_WARN_UNDECLARED_SELECTOR = YES;
				GCC_WARN_UNINITIALIZED_AUTOS = YES_AGGRESSIVE;
				GCC_WARN_UNUSED_FUNCTION = YES;
				GCC_WARN_UNUSED_VARIABLE = YES;
				IPHONEOS_DEPLOYMENT_TARGET = 17.0;
				LOCALIZATION_PREFERS_STRING_CATALOGS = YES;
				MTL_ENABLE_DEBUG_INFO = INCLUDE_SOURCE;
				MTL_FAST_MATH = YES;
				ONLY_ACTIVE_ARCH = YES;
				SDKROOT = iphoneos;
				SWIFT_ACTIVE_COMPILATION_CONDITIONS = "DEBUG $(inherited)";
				SWIFT_OPTIMIZATION_LEVEL = "-Onone";
			};
			name = Debug;
		};
		CC74E7C32AEB081D0076D464 /* Release */ = {
			isa = XCBuildConfiguration;
			buildSettings = {
				ALWAYS_SEARCH_USER_PATHS = NO;
				ASSETCATALOG_COMPILER_GENERATE_SWIFT_ASSET_SYMBOL_EXTENSIONS = YES;
				CLANG_ANALYZER_NONNULL = YES;
				CLANG_ANALYZER_NUMBER_OBJECT_CONVERSION = YES_AGGRESSIVE;
				CLANG_CXX_LANGUAGE_STANDARD = "gnu++20";
				CLANG_ENABLE_MODULES = YES;
				CLANG_ENABLE_OBJC_ARC = YES;
				CLANG_ENABLE_OBJC_WEAK = YES;
				CLANG_WARN_BLOCK_CAPTURE_AUTORELEASING = YES;
				CLANG_WARN_BOOL_CONVERSION = YES;
				CLANG_WARN_COMMA = YES;
				CLANG_WARN_CONSTANT_CONVERSION = YES;
				CLANG_WARN_DEPRECATED_OBJC_IMPLEMENTATIONS = YES;
				CLANG_WARN_DIRECT_OBJC_ISA_USAGE = YES_ERROR;
				CLANG_WARN_DOCUMENTATION_COMMENTS = YES;
				CLANG_WARN_EMPTY_BODY = YES;
				CLANG_WARN_ENUM_CONVERSION = YES;
				CLANG_WARN_INFINITE_RECURSION = YES;
				CLANG_WARN_INT_CONVERSION = YES;
				CLANG_WARN_NON_LITERAL_NULL_CONVERSION = YES;
				CLANG_WARN_OBJC_IMPLICIT_RETAIN_SELF = YES;
				CLANG_WARN_OBJC_LITERAL_CONVERSION = YES;
				CLANG_WARN_OBJC_ROOT_CLASS = YES_ERROR;
				CLANG_WARN_QUOTED_INCLUDE_IN_FRAMEWORK_HEADER = YES;
				CLANG_WARN_RANGE_LOOP_ANALYSIS = YES;
				CLANG_WARN_STRICT_PROTOTYPES = YES;
				CLANG_WARN_SUSPICIOUS_MOVE = YES;
				CLANG_WARN_UNGUARDED_AVAILABILITY = YES_AGGRESSIVE;
				CLANG_WARN_UNREACHABLE_CODE = YES;
				CLANG_WARN__DUPLICATE_METHOD_MATCH = YES;
				COPY_PHASE_STRIP = NO;
				DEBUG_INFORMATION_FORMAT = "dwarf-with-dsym";
				ENABLE_NS_ASSERTIONS = NO;
				ENABLE_STRICT_OBJC_MSGSEND = YES;
				ENABLE_USER_SCRIPT_SANDBOXING = YES;
				GCC_C_LANGUAGE_STANDARD = gnu17;
				GCC_NO_COMMON_BLOCKS = YES;
				GCC_WARN_64_TO_32_BIT_CONVERSION = YES;
				GCC_WARN_ABOUT_RETURN_TYPE = YES_ERROR;
				GCC_WARN_UNDECLARED_SELECTOR = YES;
				GCC_WARN_UNINITIALIZED_AUTOS = YES_AGGRESSIVE;
				GCC_WARN_UNUSED_FUNCTION = YES;
				GCC_WARN_UNUSED_VARIABLE = YES;
				IPHONEOS_DEPLOYMENT_TARGET = 17.0;
				LOCALIZATION_PREFERS_STRING_CATALOGS = YES;
				MTL_ENABLE_DEBUG_INFO = NO;
				MTL_FAST_MATH = YES;
				SDKROOT = iphoneos;
				SWIFT_COMPILATION_MODE = wholemodule;
				VALIDATE_PRODUCT = YES;
			};
			name = Release;
		};
		CC74E7C52AEB081D0076D464 /* Debug */ = {
			isa = XCBuildConfiguration;
			buildSettings = {
				ASSETCATALOG_COMPILER_APPICON_NAME = AppIcon;
				ASSETCATALOG_COMPILER_GLOBAL_ACCENT_COLOR_NAME = AccentColor;
				CODE_SIGN_STYLE = Automatic;
				CURRENT_PROJECT_VERSION = 1;
				DEVELOPMENT_ASSET_PATHS = "\"Workshop/Preview Content\"";
				DEVELOPMENT_TEAM = YXK6ZF63B9;
				ENABLE_PREVIEWS = YES;
				GENERATE_INFOPLIST_FILE = YES;
				INFOPLIST_KEY_UIApplicationSceneManifest_Generation = YES;
				INFOPLIST_KEY_UIApplicationSupportsIndirectInputEvents = YES;
				INFOPLIST_KEY_UILaunchScreen_Generation = YES;
				INFOPLIST_KEY_UISupportedInterfaceOrientations_iPad = "UIInterfaceOrientationPortrait UIInterfaceOrientationPortraitUpsideDown UIInterfaceOrientationLandscapeLeft UIInterfaceOrientationLandscapeRight";
				INFOPLIST_KEY_UISupportedInterfaceOrientations_iPhone = "UIInterfaceOrientationPortrait UIInterfaceOrientationLandscapeLeft UIInterfaceOrientationLandscapeRight";
				LD_RUNPATH_SEARCH_PATHS = (
					"$(inherited)",
					"@executable_path/Frameworks",
				);
				MARKETING_VERSION = 1.0;
				PRODUCT_BUNDLE_IDENTIFIER = com.dhustnjak.Workshop;
				PRODUCT_NAME = "$(TARGET_NAME)";
				SWIFT_EMIT_LOC_STRINGS = YES;
				SWIFT_VERSION = 5.0;
				TARGETED_DEVICE_FAMILY = "1,2";
			};
			name = Debug;
		};
		CC74E7C62AEB081D0076D464 /* Release */ = {
			isa = XCBuildConfiguration;
			buildSettings = {
				ASSETCATALOG_COMPILER_APPICON_NAME = AppIcon;
				ASSETCATALOG_COMPILER_GLOBAL_ACCENT_COLOR_NAME = AccentColor;
				CODE_SIGN_STYLE = Automatic;
				CURRENT_PROJECT_VERSION = 1;
				DEVELOPMENT_ASSET_PATHS = "\"Workshop/Preview Content\"";
				DEVELOPMENT_TEAM = YXK6ZF63B9;
				ENABLE_PREVIEWS = YES;
				GENERATE_INFOPLIST_FILE = YES;
				INFOPLIST_KEY_UIApplicationSceneManifest_Generation = YES;
				INFOPLIST_KEY_UIApplicationSupportsIndirectInputEvents = YES;
				INFOPLIST_KEY_UILaunchScreen_Generation = YES;
				INFOPLIST_KEY_UISupportedInterfaceOrientations_iPad = "UIInterfaceOrientationPortrait UIInterfaceOrientationPortraitUpsideDown UIInterfaceOrientationLandscapeLeft UIInterfaceOrientationLandscapeRight";
				INFOPLIST_KEY_UISupportedInterfaceOrientations_iPhone = "UIInterfaceOrientationPortrait UIInterfaceOrientationLandscapeLeft UIInterfaceOrientationLandscapeRight";
				LD_RUNPATH_SEARCH_PATHS = (
					"$(inherited)",
					"@executable_path/Frameworks",
				);
				MARKETING_VERSION = 1.0;
				PRODUCT_BUNDLE_IDENTIFIER = com.dhustnjak.Workshop;
				PRODUCT_NAME = "$(TARGET_NAME)";
				SWIFT_EMIT_LOC_STRINGS = YES;
				SWIFT_VERSION = 5.0;
				TARGETED_DEVICE_FAMILY = "1,2";
			};
			name = Release;
		};
/* End XCBuildConfiguration section */

/* Begin XCConfigurationList section */
		CC74E7B12AEB081C0076D464 /* Build configuration list for PBXProject "Workshop" */ = {
			isa = XCConfigurationList;
			buildConfigurations = (
				CC74E7C22AEB081D0076D464 /* Debug */,
				CC74E7C32AEB081D0076D464 /* Release */,
			);
			defaultConfigurationIsVisible = 0;
			defaultConfigurationName = Release;
		};
		CC74E7C42AEB081D0076D464 /* Build configuration list for PBXNativeTarget "Workshop" */ = {
			isa = XCConfigurationList;
			buildConfigurations = (
				CC74E7C52AEB081D0076D464 /* Debug */,
				CC74E7C62AEB081D0076D464 /* Release */,
			);
			defaultConfigurationIsVisible = 0;
			defaultConfigurationName = Release;
		};
/* End XCConfigurationList section */
	};
	rootObject = CC74E7AE2AEB081C0076D464 /* Project object */;
}
